
Microsoft Visual Studio Solution File, Format Version 12.00
# Visual Studio 15
VisualStudioVersion = 15.0.28307.271
MinimumVisualStudioVersion = 10.0.40219.1
Project("{9A19103F-16F7-4668-BE54-9A1E7A4F7556}") = "TestSignalRService", "TestService\TestSignalRService.csproj", "{92920C16-DAF0-41B0-93B5-96A737EBB53A}"
EndProject
Project("{FAE04EC0-301F-11D3-BF4B-00C04F79EFBC}") = "TestWebClient", "TestWeb\TestWebClient.csproj", "{15C24F4A-1B14-4AFB-847C-AC70D64425D0}"
EndProject
Global
	GlobalSection(SolutionConfigurationPlatforms) = preSolution
		Debug|Any CPU = Debug|Any CPU
		Release|Any CPU = Release|Any CPU
	EndGlobalSection
	GlobalSection(ProjectConfigurationPlatforms) = postSolution
		{92920C16-DAF0-41B0-93B5-96A737EBB53A}.Debug|Any CPU.ActiveCfg = Debug|Any CPU
		{92920C16-DAF0-41B0-93B5-96A737EBB53A}.Debug|Any CPU.Build.0 = Debug|Any CPU
		{92920C16-DAF0-41B0-93B5-96A737EBB53A}.Release|Any CPU.ActiveCfg = Release|Any CPU
		{92920C16-DAF0-41B0-93B5-96A737EBB53A}.Release|Any CPU.Build.0 = Release|Any CPU
		{15C24F4A-1B14-4AFB-847C-AC70D64425D0}.Debug|Any CPU.ActiveCfg = Debug|Any CPU
		{15C24F4A-1B14-4AFB-847C-AC70D64425D0}.Debug|Any CPU.Build.0 = Debug|Any CPU
		{15C24F4A-1B14-4AFB-847C-AC70D64425D0}.Release|Any CPU.ActiveCfg = Release|Any CPU
		{15C24F4A-1B14-4AFB-847C-AC70D64425D0}.Release|Any CPU.Build.0 = Release|Any CPU
	EndGlobalSection
	GlobalSection(SolutionProperties) = preSolution
		HideSolutionNode = FALSE
	EndGlobalSection
	GlobalSection(ExtensibilityGlobals) = postSolution
		SolutionGuid = {CBB7A5ED-3756-4BC5-A282-02D093A765D0}
	EndGlobalSection
EndGlobal
